
Microsoft Visual Studio Solution File, Format Version 12.00
# Visual Studio Version 17
VisualStudioVersion = 17.1.32228.430
MinimumVisualStudioVersion = 10.0.40219.1
Project("{FAE04EC0-301F-11D3-BF4B-00C04F79EFBC}") = "CSharp-File-Directory-Datetime", "CSharp-File-Directory-Datetime.csproj", "{53C1B792-E387-4CB1-980D-7196B393AE9B}"
EndProject
Project("{FAE04EC0-301F-11D3-BF4B-00C04F79EFBC}") = "ClassLibrary", "..\ClassLibrary\ClassLibrary.csproj", "{27AC75C3-3EB3-4C22-A0BB-237D892B26FE}"
EndProject
Global
	GlobalSection(SolutionConfigurationPlatforms) = preSolution
		Debug|Any CPU = Debug|Any CPU
		Release|Any CPU = Release|Any CPU
	EndGlobalSection
	GlobalSection(ProjectConfigurationPlatforms) = postSolution
		{53C1B792-E387-4CB1-980D-7196B393AE9B}.Debug|Any CPU.ActiveCfg = Debug|Any CPU
		{53C1B792-E387-4CB1-980D-7196B393AE9B}.Debug|Any CPU.Build.0 = Debug|Any CPU
		{53C1B792-E387-4CB1-980D-7196B393AE9B}.Release|Any CPU.ActiveCfg = Release|Any CPU
		{53C1B792-E387-4CB1-980D-7196B393AE9B}.Release|Any CPU.Build.0 = Release|Any CPU
		{27AC75C3-3EB3-4C22-A0BB-237D892B26FE}.Debug|Any CPU.ActiveCfg = Debug|Any CPU
		{27AC75C3-3EB3-4C22-A0BB-237D892B26FE}.Debug|Any CPU.Build.0 = Debug|Any CPU
		{27AC75C3-3EB3-4C22-A0BB-237D892B26FE}.Release|Any CPU.ActiveCfg = Release|Any CPU
		{27AC75C3-3EB3-4C22-A0BB-237D892B26FE}.Release|Any CPU.Build.0 = Release|Any CPU
	EndGlobalSection
	GlobalSection(SolutionProperties) = preSolution
		HideSolutionNode = FALSE
	EndGlobalSection
	GlobalSection(ExtensibilityGlobals) = postSolution
		SolutionGuid = {88610D09-BED7-4E4E-9567-EFFA47E8135D}
	EndGlobalSection
EndGlobal
